
Microsoft Visual Studio Solution File, Format Version 12.00
# Visual Studio Version 17
VisualStudioVersion = 17.13.35818.85
MinimumVisualStudioVersion = 10.0.40219.1
Project("{FAE04EC0-301F-11D3-BF4B-00C04F79EFBC}") = "70-71", "70-71\70-71.csproj", "{5C5AEA9E-3C08-4A14-A514-77530B5BD967}"
EndProject
Project("{FAE04EC0-301F-11D3-BF4B-00C04F79EFBC}") = "2", "2\2.csproj", "{9C0ABCDE-A688-4D10-A2DD-02C1EA7F03E7}"
EndProject
Project("{FAE04EC0-301F-11D3-BF4B-00C04F79EFBC}") = "3", "3\3.csproj", "{BFC94E6F-2BFA-44D5-9F78-A0FF77159BE8}"
EndProject
Project("{FAE04EC0-301F-11D3-BF4B-00C04F79EFBC}") = "4", "4\4.csproj", "{5C2A477B-A3C6-4C94-B35C-0EB0B839BC4E}"
EndProject
Project("{FAE04EC0-301F-11D3-BF4B-00C04F79EFBC}") = "5", "5\5.csproj", "{382913FE-EA0D-4AA8-97D3-603F12621967}"
EndProject
Project("{FAE04EC0-301F-11D3-BF4B-00C04F79EFBC}") = "6", "6\6.csproj", "{93E73835-A9C5-4477-B248-B4B5EF211D79}"
EndProject
Project("{FAE04EC0-301F-11D3-BF4B-00C04F79EFBC}") = "7", "7\7.csproj", "{7CB61688-773C-4417-8CCB-07C52811965D}"
EndProject
Project("{FAE04EC0-301F-11D3-BF4B-00C04F79EFBC}") = "8", "8\8.csproj", "{2221367F-2FCD-4BD9-8EFA-85CF069C6752}"
EndProject
Project("{FAE04EC0-301F-11D3-BF4B-00C04F79EFBC}") = "9", "9\9.csproj", "{DEC1609E-6AE2-4BB8-A37A-01006C7C8630}"
EndProject
Project("{FAE04EC0-301F-11D3-BF4B-00C04F79EFBC}") = "10", "10\10.csproj", "{98332989-F002-46E4-8481-01346FFA188F}"
EndProject
Project("{FAE04EC0-301F-11D3-BF4B-00C04F79EFBC}") = "11", "11\11.csproj", "{2E4E8B02-88DC-4DA9-B528-E9A531BB1362}"
EndProject
Project("{FAE04EC0-301F-11D3-BF4B-00C04F79EFBC}") = "12", "12\12.csproj", "{0EA3BFB6-8A46-47BE-AC16-D486920D5A18}"
EndProject
Project("{FAE04EC0-301F-11D3-BF4B-00C04F79EFBC}") = "13", "13\13.csproj", "{0461DA74-7A79-42CD-92CC-02BAE85331EC}"
EndProject
Project("{FAE04EC0-301F-11D3-BF4B-00C04F79EFBC}") = "14", "14\14.csproj", "{28435D86-A0FF-4005-B111-EE4FFC134BF0}"
EndProject
Project("{FAE04EC0-301F-11D3-BF4B-00C04F79EFBC}") = "15", "15\15.csproj", "{C7521759-EB4F-470B-8A01-9A763BCF4CD0}"
EndProject
Project("{FAE04EC0-301F-11D3-BF4B-00C04F79EFBC}") = "16", "16\16.csproj", "{3C38FB29-99EC-413F-A0DB-C891F7A4DE91}"
EndProject
Project("{FAE04EC0-301F-11D3-BF4B-00C04F79EFBC}") = "17", "17\17.csproj", "{928960D8-60EC-4C9F-9F0B-B756D77AA172}"
EndProject
Project("{FAE04EC0-301F-11D3-BF4B-00C04F79EFBC}") = "18", "18\18.csproj", "{5988FAC1-CB76-45A3-91BC-DFC94394C1F1}"
EndProject
Project("{FAE04EC0-301F-11D3-BF4B-00C04F79EFBC}") = "19", "19\19.csproj", "{5228A789-90CC-4593-AF33-27CE19EABAD1}"
EndProject
Project("{FAE04EC0-301F-11D3-BF4B-00C04F79EFBC}") = "20", "20\20.csproj", "{558B3C1D-C14F-41A8-A022-69ACC550F882}"
EndProject
Project("{FAE04EC0-301F-11D3-BF4B-00C04F79EFBC}") = "21", "21\21.csproj", "{64612624-7ADE-4900-848B-3BE901391C77}"
EndProject
Project("{FAE04EC0-301F-11D3-BF4B-00C04F79EFBC}") = "22", "22\22.csproj", "{A402C4B5-E6B9-4233-B89B-44A563F6AB91}"
EndProject
Global
	GlobalSection(SolutionConfigurationPlatforms) = preSolution
		Debug|Any CPU = Debug|Any CPU
		Release|Any CPU = Release|Any CPU
	EndGlobalSection
	GlobalSection(ProjectConfigurationPlatforms) = postSolution
		{5C5AEA9E-3C08-4A14-A514-77530B5BD967}.Debug|Any CPU.ActiveCfg = Debug|Any CPU
		{5C5AEA9E-3C08-4A14-A514-77530B5BD967}.Debug|Any CPU.Build.0 = Debug|Any CPU
		{5C5AEA9E-3C08-4A14-A514-77530B5BD967}.Release|Any CPU.ActiveCfg = Release|Any CPU
		{5C5AEA9E-3C08-4A14-A514-77530B5BD967}.Release|Any CPU.Build.0 = Release|Any CPU
		{9C0ABCDE-A688-4D10-A2DD-02C1EA7F03E7}.Debug|Any CPU.ActiveCfg = Debug|Any CPU
		{9C0ABCDE-A688-4D10-A2DD-02C1EA7F03E7}.Debug|Any CPU.Build.0 = Debug|Any CPU
		{9C0ABCDE-A688-4D10-A2DD-02C1EA7F03E7}.Release|Any CPU.ActiveCfg = Release|Any CPU
		{9C0ABCDE-A688-4D10-A2DD-02C1EA7F03E7}.Release|Any CPU.Build.0 = Release|Any CPU
		{BFC94E6F-2BFA-44D5-9F78-A0FF77159BE8}.Debug|Any CPU.ActiveCfg = Debug|Any CPU
		{BFC94E6F-2BFA-44D5-9F78-A0FF77159BE8}.Debug|Any CPU.Build.0 = Debug|Any CPU
		{BFC94E6F-2BFA-44D5-9F78-A0FF77159BE8}.Release|Any CPU.ActiveCfg = Release|Any CPU
		{BFC94E6F-2BFA-44D5-9F78-A0FF77159BE8}.Release|Any CPU.Build.0 = Release|Any CPU
		{5C2A477B-A3C6-4C94-B35C-0EB0B839BC4E}.Debug|Any CPU.ActiveCfg = Debug|Any CPU
		{5C2A477B-A3C6-4C94-B35C-0EB0B839BC4E}.Debug|Any CPU.Build.0 = Debug|Any CPU
		{5C2A477B-A3C6-4C94-B35C-0EB0B839BC4E}.Release|Any CPU.ActiveCfg = Release|Any CPU
		{5C2A477B-A3C6-4C94-B35C-0EB0B839BC4E}.Release|Any CPU.Build.0 = Release|Any CPU
		{382913FE-EA0D-4AA8-97D3-603F12621967}.Debug|Any CPU.ActiveCfg = Debug|Any CPU
		{382913FE-EA0D-4AA8-97D3-603F12621967}.Debug|Any CPU.Build.0 = Debug|Any CPU
		{382913FE-EA0D-4AA8-97D3-603F12621967}.Release|Any CPU.ActiveCfg = Release|Any CPU
		{382913FE-EA0D-4AA8-97D3-603F12621967}.Release|Any CPU.Build.0 = Release|Any CPU
		{93E73835-A9C5-4477-B248-B4B5EF211D79}.Debug|Any CPU.ActiveCfg = Debug|Any CPU
		{93E73835-A9C5-4477-B248-B4B5EF211D79}.Debug|Any CPU.Build.0 = Debug|Any CPU
		{93E73835-A9C5-4477-B248-B4B5EF211D79}.Release|Any CPU.ActiveCfg = Release|Any CPU
		{93E73835-A9C5-4477-B248-B4B5EF211D79}.Release|Any CPU.Build.0 = Release|Any CPU
		{7CB61688-773C-4417-8CCB-07C52811965D}.Debug|Any CPU.ActiveCfg = Debug|Any CPU
		{7CB61688-773C-4417-8CCB-07C52811965D}.Debug|Any CPU.Build.0 = Debug|Any CPU
		{7CB61688-773C-4417-8CCB-07C52811965D}.Release|Any CPU.ActiveCfg = Release|Any CPU
		{7CB61688-773C-4417-8CCB-07C52811965D}.Release|Any CPU.Build.0 = Release|Any CPU
		{2221367F-2FCD-4BD9-8EFA-85CF069C6752}.Debug|Any CPU.ActiveCfg = Debug|Any CPU
		{2221367F-2FCD-4BD9-8EFA-85CF069C6752}.Debug|Any CPU.Build.0 = Debug|Any CPU
		{2221367F-2FCD-4BD9-8EFA-85CF069C6752}.Release|Any CPU.ActiveCfg = Release|Any CPU
		{2221367F-2FCD-4BD9-8EFA-85CF069C6752}.Release|Any CPU.Build.0 = Release|Any CPU
		{DEC1609E-6AE2-4BB8-A37A-01006C7C8630}.Debug|Any CPU.ActiveCfg = Debug|Any CPU
		{DEC1609E-6AE2-4BB8-A37A-01006C7C8630}.Debug|Any CPU.Build.0 = Debug|Any CPU
		{DEC1609E-6AE2-4BB8-A37A-01006C7C8630}.Release|Any CPU.ActiveCfg = Release|Any CPU
		{DEC1609E-6AE2-4BB8-A37A-01006C7C8630}.Release|Any CPU.Build.0 = Release|Any CPU
		{98332989-F002-46E4-8481-01346FFA188F}.Debug|Any CPU.ActiveCfg = Debug|Any CPU
		{98332989-F002-46E4-8481-01346FFA188F}.Debug|Any CPU.Build.0 = Debug|Any CPU
		{98332989-F002-46E4-8481-01346FFA188F}.Release|Any CPU.ActiveCfg = Release|Any CPU
		{98332989-F002-46E4-8481-01346FFA188F}.Release|Any CPU.Build.0 = Release|Any CPU
		{2E4E8B02-88DC-4DA9-B528-E9A531BB1362}.Debug|Any CPU.ActiveCfg = Debug|Any CPU
		{2E4E8B02-88DC-4DA9-B528-E9A531BB1362}.Debug|Any CPU.Build.0 = Debug|Any CPU
		{2E4E8B02-88DC-4DA9-B528-E9A531BB1362}.Release|Any CPU.ActiveCfg = Release|Any CPU
		{2E4E8B02-88DC-4DA9-B528-E9A531BB1362}.Release|Any CPU.Build.0 = Release|Any CPU
		{0EA3BFB6-8A46-47BE-AC16-D486920D5A18}.Debug|Any CPU.ActiveCfg = Debug|Any CPU
		{0EA3BFB6-8A46-47BE-AC16-D486920D5A18}.Debug|Any CPU.Build.0 = Debug|Any CPU
		{0EA3BFB6-8A46-47BE-AC16-D486920D5A18}.Release|Any CPU.ActiveCfg = Release|Any CPU
		{0EA3BFB6-8A46-47BE-AC16-D486920D5A18}.Release|Any CPU.Build.0 = Release|Any CPU
		{0461DA74-7A79-42CD-92CC-02BAE85331EC}.Debug|Any CPU.ActiveCfg = Debug|Any CPU
		{0461DA74-7A79-42CD-92CC-02BAE85331EC}.Debug|Any CPU.Build.0 = Debug|Any CPU
		{0461DA74-7A79-42CD-92CC-02BAE85331EC}.Release|Any CPU.ActiveCfg = Release|Any CPU
		{0461DA74-7A79-42CD-92CC-02BAE85331EC}.Release|Any CPU.Build.0 = Release|Any CPU
		{28435D86-A0FF-4005-B111-EE4FFC134BF0}.Debug|Any CPU.ActiveCfg = Debug|Any CPU
		{28435D86-A0FF-4005-B111-EE4FFC134BF0}.Debug|Any CPU.Build.0 = Debug|Any CPU
		{28435D86-A0FF-4005-B111-EE4FFC134BF0}.Release|Any CPU.ActiveCfg = Release|Any CPU
		{28435D86-A0FF-4005-B111-EE4FFC134BF0}.Release|Any CPU.Build.0 = Release|Any CPU
		{C7521759-EB4F-470B-8A01-9A763BCF4CD0}.Debug|Any CPU.ActiveCfg = Debug|Any CPU
		{C7521759-EB4F-470B-8A01-9A763BCF4CD0}.Debug|Any CPU.Build.0 = Debug|Any CPU
		{C7521759-EB4F-470B-8A01-9A763BCF4CD0}.Release|Any CPU.ActiveCfg = Release|Any CPU
		{C7521759-EB4F-470B-8A01-9A763BCF4CD0}.Release|Any CPU.Build.0 = Release|Any CPU
		{3C38FB29-99EC-413F-A0DB-C891F7A4DE91}.Debug|Any CPU.ActiveCfg = Debug|Any CPU
		{3C38FB29-99EC-413F-A0DB-C891F7A4DE91}.Debug|Any CPU.Build.0 = Debug|Any CPU
		{3C38FB29-99EC-413F-A0DB-C891F7A4DE91}.Release|Any CPU.ActiveCfg = Release|Any CPU
		{3C38FB29-99EC-413F-A0DB-C891F7A4DE91}.Release|Any CPU.Build.0 = Release|Any CPU
		{928960D8-60EC-4C9F-9F0B-B756D77AA172}.Debug|Any CPU.ActiveCfg = Debug|Any CPU
		{928960D8-60EC-4C9F-9F0B-B756D77AA172}.Debug|Any CPU.Build.0 = Debug|Any CPU
		{928960D8-60EC-4C9F-9F0B-B756D77AA172}.Release|Any CPU.ActiveCfg = Release|Any CPU
		{928960D8-60EC-4C9F-9F0B-B756D77AA172}.Release|Any CPU.Build.0 = Release|Any CPU
		{5988FAC1-CB76-45A3-91BC-DFC94394C1F1}.Debug|Any CPU.ActiveCfg = Debug|Any CPU
		{5988FAC1-CB76-45A3-91BC-DFC94394C1F1}.Debug|Any CPU.Build.0 = Debug|Any CPU
		{5988FAC1-CB76-45A3-91BC-DFC94394C1F1}.Release|Any CPU.ActiveCfg = Release|Any CPU
		{5988FAC1-CB76-45A3-91BC-DFC94394C1F1}.Release|Any CPU.Build.0 = Release|Any CPU
		{5228A789-90CC-4593-AF33-27CE19EABAD1}.Debug|Any CPU.ActiveCfg = Debug|Any CPU
		{5228A789-90CC-4593-AF33-27CE19EABAD1}.Debug|Any CPU.Build.0 = Debug|Any CPU
		{5228A789-90CC-4593-AF33-27CE19EABAD1}.Release|Any CPU.ActiveCfg = Release|Any CPU
		{5228A789-90CC-4593-AF33-27CE19EABAD1}.Release|Any CPU.Build.0 = Release|Any CPU
		{558B3C1D-C14F-41A8-A022-69ACC550F882}.Debug|Any CPU.ActiveCfg = Debug|Any CPU
		{558B3C1D-C14F-41A8-A022-69ACC550F882}.Debug|Any CPU.Build.0 = Debug|Any CPU
		{558B3C1D-C14F-41A8-A022-69ACC550F882}.Release|Any CPU.ActiveCfg = Release|Any CPU
		{558B3C1D-C14F-41A8-A022-69ACC550F882}.Release|Any CPU.Build.0 = Release|Any CPU
		{64612624-7ADE-4900-848B-3BE901391C77}.Debug|Any CPU.ActiveCfg = Debug|Any CPU
		{64612624-7ADE-4900-848B-3BE901391C77}.Debug|Any CPU.Build.0 = Debug|Any CPU
		{64612624-7ADE-4900-848B-3BE901391C77}.Release|Any CPU.ActiveCfg = Release|Any CPU
		{64612624-7ADE-4900-848B-3BE901391C77}.Release|Any CPU.Build.0 = Release|Any CPU
		{A402C4B5-E6B9-4233-B89B-44A563F6AB91}.Debug|Any CPU.ActiveCfg = Debug|Any CPU
		{A402C4B5-E6B9-4233-B89B-44A563F6AB91}.Debug|Any CPU.Build.0 = Debug|Any CPU
		{A402C4B5-E6B9-4233-B89B-44A563F6AB91}.Release|Any CPU.ActiveCfg = Release|Any CPU
		{A402C4B5-E6B9-4233-B89B-44A563F6AB91}.Release|Any CPU.Build.0 = Release|Any CPU
	EndGlobalSection
	GlobalSection(SolutionProperties) = preSolution
		HideSolutionNode = FALSE
	EndGlobalSection
	GlobalSection(ExtensibilityGlobals) = postSolution
		SolutionGuid = {D4E882AA-93D9-4479-804F-21A9DCD5F509}
	EndGlobalSection
EndGlobal
