
Microsoft Visual Studio Solution File, Format Version 12.00
# Visual Studio Version 17
VisualStudioVersion = 17.13.35818.85 d17.13
MinimumVisualStudioVersion = 10.0.40219.1
Project("{FAE04EC0-301F-11D3-BF4B-00C04F79EFBC}") = "60-61", "60-61\60-61.csproj", "{034F3028-64DC-494F-A57D-44CCD863379C}"
EndProject
Global
	GlobalSection(SolutionConfigurationPlatforms) = preSolution
		Debug|Any CPU = Debug|Any CPU
		Release|Any CPU = Release|Any CPU
	EndGlobalSection
	GlobalSection(ProjectConfigurationPlatforms) = postSolution
		{034F3028-64DC-494F-A57D-44CCD863379C}.Debug|Any CPU.ActiveCfg = Debug|Any CPU
		{034F3028-64DC-494F-A57D-44CCD863379C}.Debug|Any CPU.Build.0 = Debug|Any CPU
		{034F3028-64DC-494F-A57D-44CCD863379C}.Release|Any CPU.ActiveCfg = Release|Any CPU
		{034F3028-64DC-494F-A57D-44CCD863379C}.Release|Any CPU.Build.0 = Release|Any CPU
	EndGlobalSection
	GlobalSection(SolutionProperties) = preSolution
		HideSolutionNode = FALSE
	EndGlobalSection
	GlobalSection(ExtensibilityGlobals) = postSolution
		SolutionGuid = {AD987988-CED0-41E5-BF99-9782DF0D4326}
	EndGlobalSection
EndGlobal
