
Microsoft Visual Studio Solution File, Format Version 12.00
# Visual Studio Version 17
VisualStudioVersion = 17.13.35818.85 d17.13
MinimumVisualStudioVersion = 10.0.40219.1
Project("{FAE04EC0-301F-11D3-BF4B-00C04F79EFBC}") = "16-17", "16-17\16-17.csproj", "{C2DFBFFA-1119-4443-856A-E0BD64C20172}"
EndProject
Global
	GlobalSection(SolutionConfigurationPlatforms) = preSolution
		Debug|Any CPU = Debug|Any CPU
		Release|Any CPU = Release|Any CPU
	EndGlobalSection
	GlobalSection(ProjectConfigurationPlatforms) = postSolution
		{C2DFBFFA-1119-4443-856A-E0BD64C20172}.Debug|Any CPU.ActiveCfg = Debug|Any CPU
		{C2DFBFFA-1119-4443-856A-E0BD64C20172}.Debug|Any CPU.Build.0 = Debug|Any CPU
		{C2DFBFFA-1119-4443-856A-E0BD64C20172}.Release|Any CPU.ActiveCfg = Release|Any CPU
		{C2DFBFFA-1119-4443-856A-E0BD64C20172}.Release|Any CPU.Build.0 = Release|Any CPU
	EndGlobalSection
	GlobalSection(SolutionProperties) = preSolution
		HideSolutionNode = FALSE
	EndGlobalSection
	GlobalSection(ExtensibilityGlobals) = postSolution
		SolutionGuid = {68E866FD-16CA-46D0-B4AE-C85A9A84CF4E}
	EndGlobalSection
EndGlobal
