
Microsoft Visual Studio Solution File, Format Version 12.00
# Visual Studio Version 17
VisualStudioVersion = 17.13.35818.85 d17.13
MinimumVisualStudioVersion = 10.0.40219.1
Project("{FAE04EC0-301F-11D3-BF4B-00C04F79EFBC}") = "12-13", "12-13\12-13.csproj", "{FF16F861-044C-47FB-AD9A-23D4327CC14C}"
EndProject
Global
	GlobalSection(SolutionConfigurationPlatforms) = preSolution
		Debug|Any CPU = Debug|Any CPU
		Release|Any CPU = Release|Any CPU
	EndGlobalSection
	GlobalSection(ProjectConfigurationPlatforms) = postSolution
		{FF16F861-044C-47FB-AD9A-23D4327CC14C}.Debug|Any CPU.ActiveCfg = Debug|Any CPU
		{FF16F861-044C-47FB-AD9A-23D4327CC14C}.Debug|Any CPU.Build.0 = Debug|Any CPU
		{FF16F861-044C-47FB-AD9A-23D4327CC14C}.Release|Any CPU.ActiveCfg = Release|Any CPU
		{FF16F861-044C-47FB-AD9A-23D4327CC14C}.Release|Any CPU.Build.0 = Release|Any CPU
	EndGlobalSection
	GlobalSection(SolutionProperties) = preSolution
		HideSolutionNode = FALSE
	EndGlobalSection
	GlobalSection(ExtensibilityGlobals) = postSolution
		SolutionGuid = {00602D41-4F43-43E1-AAC9-991AB35AB96F}
	EndGlobalSection
EndGlobal
