
Microsoft Visual Studio Solution File, Format Version 12.00
# Visual Studio Version 17
VisualStudioVersion = 17.13.35818.85 d17.13
MinimumVisualStudioVersion = 10.0.40219.1
Project("{FAE04EC0-301F-11D3-BF4B-00C04F79EFBC}") = "28-29", "28-29\28-29.csproj", "{AC512205-AF0C-4CFA-AE43-A690C084AF0A}"
EndProject
Project("{FAE04EC0-301F-11D3-BF4B-00C04F79EFBC}") = "2", "2\2.csproj", "{7CD1E7CD-7537-48BB-A03F-6731C9389851}"
EndProject
Global
	GlobalSection(SolutionConfigurationPlatforms) = preSolution
		Debug|Any CPU = Debug|Any CPU
		Release|Any CPU = Release|Any CPU
	EndGlobalSection
	GlobalSection(ProjectConfigurationPlatforms) = postSolution
		{AC512205-AF0C-4CFA-AE43-A690C084AF0A}.Debug|Any CPU.ActiveCfg = Debug|Any CPU
		{AC512205-AF0C-4CFA-AE43-A690C084AF0A}.Debug|Any CPU.Build.0 = Debug|Any CPU
		{AC512205-AF0C-4CFA-AE43-A690C084AF0A}.Release|Any CPU.ActiveCfg = Release|Any CPU
		{AC512205-AF0C-4CFA-AE43-A690C084AF0A}.Release|Any CPU.Build.0 = Release|Any CPU
		{7CD1E7CD-7537-48BB-A03F-6731C9389851}.Debug|Any CPU.ActiveCfg = Debug|Any CPU
		{7CD1E7CD-7537-48BB-A03F-6731C9389851}.Debug|Any CPU.Build.0 = Debug|Any CPU
		{7CD1E7CD-7537-48BB-A03F-6731C9389851}.Release|Any CPU.ActiveCfg = Release|Any CPU
		{7CD1E7CD-7537-48BB-A03F-6731C9389851}.Release|Any CPU.Build.0 = Release|Any CPU
	EndGlobalSection
	GlobalSection(SolutionProperties) = preSolution
		HideSolutionNode = FALSE
	EndGlobalSection
	GlobalSection(ExtensibilityGlobals) = postSolution
		SolutionGuid = {B6F5FF19-6417-459A-B094-317A9D5E6C91}
	EndGlobalSection
EndGlobal
