
Microsoft Visual Studio Solution File, Format Version 12.00
# Visual Studio Version 17
VisualStudioVersion = 17.13.35818.85 d17.13
MinimumVisualStudioVersion = 10.0.40219.1
Project("{FAE04EC0-301F-11D3-BF4B-00C04F79EFBC}") = "20-21", "20-21\20-21.csproj", "{68106DF7-1234-488A-8A6E-3C523A2C6C37}"
EndProject
Global
	GlobalSection(SolutionConfigurationPlatforms) = preSolution
		Debug|Any CPU = Debug|Any CPU
		Release|Any CPU = Release|Any CPU
	EndGlobalSection
	GlobalSection(ProjectConfigurationPlatforms) = postSolution
		{68106DF7-1234-488A-8A6E-3C523A2C6C37}.Debug|Any CPU.ActiveCfg = Debug|Any CPU
		{68106DF7-1234-488A-8A6E-3C523A2C6C37}.Debug|Any CPU.Build.0 = Debug|Any CPU
		{68106DF7-1234-488A-8A6E-3C523A2C6C37}.Release|Any CPU.ActiveCfg = Release|Any CPU
		{68106DF7-1234-488A-8A6E-3C523A2C6C37}.Release|Any CPU.Build.0 = Release|Any CPU
	EndGlobalSection
	GlobalSection(SolutionProperties) = preSolution
		HideSolutionNode = FALSE
	EndGlobalSection
	GlobalSection(ExtensibilityGlobals) = postSolution
		SolutionGuid = {6C625E35-8EBF-4D2D-B21D-52F472F65313}
	EndGlobalSection
EndGlobal
